
Microsoft Visual Studio Solution File, Format Version 12.00
# Visual Studio Version 16
VisualStudioVersion = 16.0.810.6
MinimumVisualStudioVersion = 10.0.40219.1
Project("{FAE04EC0-301F-11D3-BF4B-00C04F79EFBC}") = "ecssample", "ecssample.csproj", "{F9793CE4-05FA-4844-B1B1-05AD9B87BD3C}"
EndProject
Global
	GlobalSection(SolutionConfigurationPlatforms) = preSolution
		Debug|Any CPU = Debug|Any CPU
		Release|Any CPU = Release|Any CPU
	EndGlobalSection
	GlobalSection(ProjectConfigurationPlatforms) = postSolution
		{F9793CE4-05FA-4844-B1B1-05AD9B87BD3C}.Debug|Any CPU.ActiveCfg = Debug|Any CPU
		{F9793CE4-05FA-4844-B1B1-05AD9B87BD3C}.Debug|Any CPU.Build.0 = Debug|Any CPU
		{F9793CE4-05FA-4844-B1B1-05AD9B87BD3C}.Release|Any CPU.ActiveCfg = Release|Any CPU
		{F9793CE4-05FA-4844-B1B1-05AD9B87BD3C}.Release|Any CPU.Build.0 = Release|Any CPU
	EndGlobalSection
	GlobalSection(SolutionProperties) = preSolution
		HideSolutionNode = FALSE
	EndGlobalSection
	GlobalSection(ExtensibilityGlobals) = postSolution
		SolutionGuid = {BA97F848-5205-40B9-902B-8FBB49C62F61}
	EndGlobalSection
EndGlobal
